
Microsoft Visual Studio Solution File, Format Version 12.00
# Visual Studio 2013
VisualStudioVersion = 12.0.31101.0
MinimumVisualStudioVersion = 10.0.40219.1
Project("{FAE04EC0-301F-11D3-BF4B-00C04F79EFBC}") = "Basic", "Basic\Basic.csproj", "{EA5D26C8-925B-4342-8CF0-1C3F2EA7ED99}"
EndProject
Project("{FAE04EC0-301F-11D3-BF4B-00C04F79EFBC}") = "Basic.UnitTests", "Basic.UnitTests\Basic.UnitTests.csproj", "{EEB38C53-3AC2-410C-9F6C-4C1905D726CD}"
EndProject
Project("{2150E333-8FDC-42A3-9474-1A3956D46DE8}") = ".nuget", ".nuget", "{108C4939-04EC-4C53-810D-AE7325A9A4F2}"
	ProjectSection(SolutionItems) = preProject
		.nuget\packages.config = .nuget\packages.config
	EndProjectSection
EndProject
Global
	GlobalSection(SolutionConfigurationPlatforms) = preSolution
		Debug|Any CPU = Debug|Any CPU
		Release|Any CPU = Release|Any CPU
	EndGlobalSection
	GlobalSection(ProjectConfigurationPlatforms) = postSolution
		{EA5D26C8-925B-4342-8CF0-1C3F2EA7ED99}.Debug|Any CPU.ActiveCfg = Debug|Any CPU
		{EA5D26C8-925B-4342-8CF0-1C3F2EA7ED99}.Debug|Any CPU.Build.0 = Debug|Any CPU
		{EA5D26C8-925B-4342-8CF0-1C3F2EA7ED99}.Release|Any CPU.ActiveCfg = Release|Any CPU
		{EA5D26C8-925B-4342-8CF0-1C3F2EA7ED99}.Release|Any CPU.Build.0 = Release|Any CPU
		{EEB38C53-3AC2-410C-9F6C-4C1905D726CD}.Debug|Any CPU.ActiveCfg = Debug|Any CPU
		{EEB38C53-3AC2-410C-9F6C-4C1905D726CD}.Debug|Any CPU.Build.0 = Debug|Any CPU
		{EEB38C53-3AC2-410C-9F6C-4C1905D726CD}.Release|Any CPU.ActiveCfg = Release|Any CPU
		{EEB38C53-3AC2-410C-9F6C-4C1905D726CD}.Release|Any CPU.Build.0 = Release|Any CPU
	EndGlobalSection
	GlobalSection(SolutionProperties) = preSolution
		HideSolutionNode = FALSE
	EndGlobalSection
EndGlobal
